
Microsoft Visual Studio Solution File, Format Version 12.00
# Visual Studio Version 16
VisualStudioVersion = 16.0.33801.447
MinimumVisualStudioVersion = 10.0.40219.1
Project("{FAE04EC0-301F-11D3-BF4B-00C04F79EFBC}") = "ConsoleApp1", "ConsoleApp1.csproj", "{B1AE2DA8-F598-4C5A-93F0-95704848FEB4}"
EndProject
Global
	GlobalSection(SolutionConfigurationPlatforms) = preSolution
		Debug|Any CPU = Debug|Any CPU
		Release|Any CPU = Release|Any CPU
	EndGlobalSection
	GlobalSection(ProjectConfigurationPlatforms) = postSolution
		{B1AE2DA8-F598-4C5A-93F0-95704848FEB4}.Debug|Any CPU.ActiveCfg = Debug|Any CPU
		{B1AE2DA8-F598-4C5A-93F0-95704848FEB4}.Debug|Any CPU.Build.0 = Debug|Any CPU
		{B1AE2DA8-F598-4C5A-93F0-95704848FEB4}.Release|Any CPU.ActiveCfg = Release|Any CPU
		{B1AE2DA8-F598-4C5A-93F0-95704848FEB4}.Release|Any CPU.Build.0 = Release|Any CPU
	EndGlobalSection
	GlobalSection(SolutionProperties) = preSolution
		HideSolutionNode = FALSE
	EndGlobalSection
	GlobalSection(ExtensibilityGlobals) = postSolution
		SolutionGuid = {A0791694-EE9C-401E-9A07-A6AE363286AF}
	EndGlobalSection
EndGlobal
